
Microsoft Visual Studio Solution File, Format Version 12.00
# Visual Studio Version 17
VisualStudioVersion = 17.7.34024.191
MinimumVisualStudioVersion = 10.0.40219.1
Project("{FAE04EC0-301F-11D3-BF4B-00C04F79EFBC}") = "Project.ENTİTİES", "Project.ENTİTİES\Project.ENTİTİES.csproj", "{023A34F9-74DB-4571-A687-2FBFD1089B3A}"
EndProject
Project("{FAE04EC0-301F-11D3-BF4B-00C04F79EFBC}") = "Project.MAP", "Project.MAP\Project.MAP.csproj", "{578BC5A6-5969-4E2B-BB72-49E26422A3CB}"
EndProject
Global
	GlobalSection(SolutionConfigurationPlatforms) = preSolution
		Debug|Any CPU = Debug|Any CPU
		Release|Any CPU = Release|Any CPU
	EndGlobalSection
	GlobalSection(ProjectConfigurationPlatforms) = postSolution
		{023A34F9-74DB-4571-A687-2FBFD1089B3A}.Debug|Any CPU.ActiveCfg = Debug|Any CPU
		{023A34F9-74DB-4571-A687-2FBFD1089B3A}.Debug|Any CPU.Build.0 = Debug|Any CPU
		{023A34F9-74DB-4571-A687-2FBFD1089B3A}.Release|Any CPU.ActiveCfg = Release|Any CPU
		{023A34F9-74DB-4571-A687-2FBFD1089B3A}.Release|Any CPU.Build.0 = Release|Any CPU
		{578BC5A6-5969-4E2B-BB72-49E26422A3CB}.Debug|Any CPU.ActiveCfg = Debug|Any CPU
		{578BC5A6-5969-4E2B-BB72-49E26422A3CB}.Debug|Any CPU.Build.0 = Debug|Any CPU
		{578BC5A6-5969-4E2B-BB72-49E26422A3CB}.Release|Any CPU.ActiveCfg = Release|Any CPU
		{578BC5A6-5969-4E2B-BB72-49E26422A3CB}.Release|Any CPU.Build.0 = Release|Any CPU
	EndGlobalSection
	GlobalSection(SolutionProperties) = preSolution
		HideSolutionNode = FALSE
	EndGlobalSection
	GlobalSection(ExtensibilityGlobals) = postSolution
		SolutionGuid = {C2A9AD7A-9E3B-4CAE-ACF0-739C90DDEF9E}
	EndGlobalSection
EndGlobal
